// !$*UTF8*$!
{
	archiveVersion = 1;
	classes = {
	};
	objectVersion = 50;
	objects = {

/* Begin PBXBuildFile section */
		10E115132236C519005F2232 /* AppDelegate.swift in Sources */ = {isa = PBXBuildFile; fileRef = 10E115122236C519005F2232 /* AppDelegate.swift */; };
		10E115152236C519005F2232 /* ViewController.swift in Sources */ = {isa = PBXBuildFile; fileRef = 10E115142236C519005F2232 /* ViewController.swift */; };
		10E115182236C519005F2232 /* Main.storyboard in Resources */ = {isa = PBXBuildFile; fileRef = 10E115162236C519005F2232 /* Main.storyboard */; };
		10E1151A2236C51B005F2232 /* Assets.xcassets in Resources */ = {isa = PBXBuildFile; fileRef = 10E115192236C51B005F2232 /* Assets.xcassets */; };
		10E1151D2236C51B005F2232 /* LaunchScreen.storyboard in Resources */ = {isa = PBXBuildFile; fileRef = 10E1151B2236C51B005F2232 /* LaunchScreen.storyboard */; };
		10E115302237A18A005F2232 /* note7.wav in Resources */ = {isa = PBXBuildFile; fileRef = 10E115292237A18A005F2232 /* note7.wav */; };
		10E115392237A504005F2232 /* note5.wav in Resources */ = {isa = PBXBuildFile; fileRef = 10E115332237A504005F2232 /* note5.wav */; };
		10E1153A2237A504005F2232 /* note1.wav in Resources */ = {isa = PBXBuildFile; fileRef = 10E115342237A504005F2232 /* note1.wav */; };
		10E1153B2237A504005F2232 /* note4.wav in Resources */ = {isa = PBXBuildFile; fileRef = 10E115352237A504005F2232 /* note4.wav */; };
		10E1153C2237A504005F2232 /* note3.wav in Resources */ = {isa = PBXBuildFile; fileRef = 10E115362237A504005F2232 /* note3.wav */; };
		10E1153D2237A504005F2232 /* note2.wav in Resources */ = {isa = PBXBuildFile; fileRef = 10E115372237A504005F2232 /* note2.wav */; };
		10E1153E2237A504005F2232 /* note6.wav in Resources */ = {isa = PBXBuildFile; fileRef = 10E115382237A504005F2232 /* note6.wav */; };
/* End PBXBuildFile section */

/* Begin PBXFileReference section */
		10E1150F2236C519005F2232 /* MusicApp.app */ = {isa = PBXFileReference; explicitFileType = wrapper.application; includeInIndex = 0; path = MusicApp.app; sourceTree = BUILT_PRODUCTS_DIR; };
		10E115122236C519005F2232 /* AppDelegate.swift */ = {isa = PBXFileReference; lastKnownFileType = sourcecode.swift; path = AppDelegate.swift; sourceTree = "<group>"; };
		10E115142236C519005F2232 /* ViewController.swift */ = {isa = PBXFileReference; lastKnownFileType = sourcecode.swift; path = ViewController.swift; sourceTree = "<group>"; };
		10E115172236C519005F2232 /* Base */ = {isa = PBXFileReference; lastKnownFileType = file.storyboard; name = Base; path = Base.lproj/Main.storyboard; sourceTree = "<group>"; };
		10E115192236C51B005F2232 /* Assets.xcassets */ = {isa = PBXFileReference; lastKnownFileType = folder.assetcatalog; path = Assets.xcassets; sourceTree = "<group>"; };
		10E1151C2236C51B005F2232 /* Base */ = {isa = PBXFileReference; lastKnownFileType = file.storyboard; name = Base; path = Base.lproj/LaunchScreen.storyboard; sourceTree = "<group>"; };
		10E1151E2236C51B005F2232 /* Info.plist */ = {isa = PBXFileReference; lastKnownFileType = text.plist.xml; path = Info.plist; sourceTree = "<group>"; };
		10E115292237A18A005F2232 /* note7.wav */ = {isa = PBXFileReference; lastKnownFileType = audio.wav; name = note7.wav; path = MusicApp/note7.wav; sourceTree = SOURCE_ROOT; };
		10E115332237A504005F2232 /* note5.wav */ = {isa = PBXFileReference; lastKnownFileType = audio.wav; path = note5.wav; sourceTree = "<group>"; };
		10E115342237A504005F2232 /* note1.wav */ = {isa = PBXFileReference; lastKnownFileType = audio.wav; path = note1.wav; sourceTree = "<group>"; };
		10E115352237A504005F2232 /* note4.wav */ = {isa = PBXFileReference; lastKnownFileType = audio.wav; path = note4.wav; sourceTree = "<group>"; };
		10E115362237A504005F2232 /* note3.wav */ = {isa = PBXFileReference; lastKnownFileType = audio.wav; path = note3.wav; sourceTree = "<group>"; };
		10E115372237A504005F2232 /* note2.wav */ = {isa = PBXFileReference; lastKnownFileType = audio.wav; path = note2.wav; sourceTree = "<group>"; };
		10E115382237A504005F2232 /* note6.wav */ = {isa = PBXFileReference; lastKnownFileType = audio.wav; path = note6.wav; sourceTree = "<group>"; };
/* End PBXFileReference section */

/* Begin PBXFrameworksBuildPhase section */
		10E1150C2236C519005F2232 /* Frameworks */ = {
			isa = PBXFrameworksBuildPhase;
			buildActionMask = 2147483647;
			files = (
			);
			runOnlyForDeploymentPostprocessing = 0;
		};
/* End PBXFrameworksBuildPhase section */

/* Begin PBXGroup section */
		10E115062236C519005F2232 = {
			isa = PBXGroup;
			children = (
				10E115112236C519005F2232 /* MusicApp */,
				10E115102236C519005F2232 /* Products */,
			);
			sourceTree = "<group>";
		};
		10E115102236C519005F2232 /* Products */ = {
			isa = PBXGroup;
			children = (
				10E1150F2236C519005F2232 /* MusicApp.app */,
			);
			name = Products;
			sourceTree = "<group>";
		};
		10E115112236C519005F2232 /* MusicApp */ = {
			isa = PBXGroup;
			children = (
				10E115242237A121005F2232 /* Sounds */,
				10E115122236C519005F2232 /* AppDelegate.swift */,
				10E115142236C519005F2232 /* ViewController.swift */,
				10E115162236C519005F2232 /* Main.storyboard */,
				10E115192236C51B005F2232 /* Assets.xcassets */,
				10E1151B2236C51B005F2232 /* LaunchScreen.storyboard */,
				10E1151E2236C51B005F2232 /* Info.plist */,
			);
			path = MusicApp;
			sourceTree = "<group>";
		};
		10E115242237A121005F2232 /* Sounds */ = {
			isa = PBXGroup;
			children = (
				10E115372237A504005F2232 /* note2.wav */,
				10E115362237A504005F2232 /* note3.wav */,
				10E115342237A504005F2232 /* note1.wav */,
				10E115352237A504005F2232 /* note4.wav */,
				10E115332237A504005F2232 /* note5.wav */,
				10E115382237A504005F2232 /* note6.wav */,
				10E115292237A18A005F2232 /* note7.wav */,
			);
			path = Sounds;
			sourceTree = "<group>";
		};
/* End PBXGroup section */

/* Begin PBXNativeTarget section */
		10E1150E2236C519005F2232 /* MusicApp */ = {
			isa = PBXNativeTarget;
			buildConfigurationList = 10E115212236C51B005F2232 /* Build configuration list for PBXNativeTarget "MusicApp" */;
			buildPhases = (
				10E1150B2236C519005F2232 /* Sources */,
				10E1150C2236C519005F2232 /* Frameworks */,
				10E1150D2236C519005F2232 /* Resources */,
			);
			buildRules = (
			);
			dependencies = (
			);
			name = MusicApp;
			productName = MusicApp;
			productReference = 10E1150F2236C519005F2232 /* MusicApp.app */;
			productType = "com.apple.product-type.application";
		};
/* End PBXNativeTarget section */

/* Begin PBXProject section */
		10E115072236C519005F2232 /* Project object */ = {
			isa = PBXProject;
			attributes = {
				LastSwiftUpdateCheck = 1010;
				LastUpgradeCheck = 1010;
				ORGANIZATIONNAME = "Muhammad Abdullah Al Mamun";
				TargetAttributes = {
					10E1150E2236C519005F2232 = {
						CreatedOnToolsVersion = 10.1;
					};
				};
			};
			buildConfigurationList = 10E1150A2236C519005F2232 /* Build configuration list for PBXProject "MusicApp" */;
			compatibilityVersion = "Xcode 9.3";
			developmentRegion = en;
			hasScannedForEncodings = 0;
			knownRegions = (
				en,
				Base,
			);
			mainGroup = 10E115062236C519005F2232;
			productRefGroup = 10E115102236C519005F2232 /* Products */;
			projectDirPath = "";
			projectRoot = "";
			targets = (
				10E1150E2236C519005F2232 /* MusicApp */,
			);
		};
/* End PBXProject section */

/* Begin PBXResourcesBuildPhase section */
		10E1150D2236C519005F2232 /* Resources */ = {
			isa = PBXResourcesBuildPhase;
			buildActionMask = 2147483647;
			files = (
				10E1153A2237A504005F2232 /* note1.wav in Resources */,
				10E1153E2237A504005F2232 /* note6.wav in Resources */,
				10E1151D2236C51B005F2232 /* LaunchScreen.storyboard in Resources */,
				10E115392237A504005F2232 /* note5.wav in Resources */,
				10E1151A2236C51B005F2232 /* Assets.xcassets in Resources */,
				10E115302237A18A005F2232 /* note7.wav in Resources */,
				10E1153D2237A504005F2232 /* note2.wav in Resources */,
				10E115182236C519005F2232 /* Main.storyboard in Resources */,
				10E1153C2237A504005F2232 /* note3.wav in Resources */,
				10E1153B2237A504005F2232 /* note4.wav in Resources */,
			);
			runOnlyForDeploymentPostprocessing = 0;
		};
/* End PBXResourcesBuildPhase section */

/* Begin PBXSourcesBuildPhase section */
		10E1150B2236C519005F2232 /* Sources */ = {
			isa = PBXSourcesBuildPhase;
			buildActionMask = 2147483647;
			files = (
				10E115152236C519005F2232 /* ViewController.swift in Sources */,
				10E115132236C519005F2232 /* AppDelegate.swift in Sources */,
			);
			runOnlyForDeploymentPostprocessing = 0;
		};
/* End PBXSourcesBuildPhase section */

/* Begin PBXVariantGroup section */
		10E115162236C519005F2232 /* Main.storyboard */ = {
			isa = PBXVariantGroup;
			children = (
				10E115172236C519005F2232 /* Base */,
			);
			name = Main.storyboard;
			sourceTree = "<group>";
		};
		10E1151B2236C51B005F2232 /* LaunchScreen.storyboard */ = {
			isa = PBXVariantGroup;
			children = (
				10E1151C2236C51B005F2232 /* Base */,
			);
			name = LaunchScreen.storyboard;
			sourceTree = "<group>";
		};
/* End PBXVariantGroup section */

/* Begin XCBuildConfiguration section */
		10E1151F2236C51B005F2232 /* Debug */ = {
			isa = XCBuildConfiguration;
			buildSettings = {
				ALWAYS_SEARCH_USER_PATHS = NO;
				CLANG_ANALYZER_NONNULL = YES;
				CLANG_ANALYZER_NUMBER_OBJECT_CONVERSION = YES_AGGRESSIVE;
				CLANG_CXX_LANGUAGE_STANDARD = "gnu++14";
				CLANG_CXX_LIBRARY = "libc++";
				CLANG_ENABLE_MODULES = YES;
				CLANG_ENABLE_OBJC_ARC = YES;
				CLANG_ENABLE_OBJC_WEAK = YES;
				CLANG_WARN_BLOCK_CAPTURE_AUTORELEASING = YES;
				CLANG_WARN_BOOL_CONVERSION = YES;
				CLANG_WARN_COMMA = YES;
				CLANG_WARN_CONSTANT_CONVERSION = YES;
				CLANG_WARN_DEPRECATED_OBJC_IMPLEMENTATIONS = YES;
				CLANG_WARN_DIRECT_OBJC_ISA_USAGE = YES_ERROR;
				CLANG_WARN_DOCUMENTATION_COMMENTS = YES;
				CLANG_WARN_EMPTY_BODY = YES;
				CLANG_WARN_ENUM_CONVERSION = YES;
				CLANG_WARN_INFINITE_RECURSION = YES;
				CLANG_WARN_INT_CONVERSION = YES;
				CLANG_WARN_NON_LITERAL_NULL_CONVERSION = YES;
				CLANG_WARN_OBJC_IMPLICIT_RETAIN_SELF = YES;
				CLANG_WARN_OBJC_LITERAL_CONVERSION = YES;
				CLANG_WARN_OBJC_ROOT_CLASS = YES_ERROR;
				CLANG_WARN_RANGE_LOOP_ANALYSIS = YES;
				CLANG_WARN_STRICT_PROTOTYPES = YES;
				CLANG_WARN_SUSPICIOUS_MOVE = YES;
				CLANG_WARN_UNGUARDED_AVAILABILITY = YES_AGGRESSIVE;
				CLANG_WARN_UNREACHABLE_CODE = YES;
				CLANG_WARN__DUPLICATE_METHOD_MATCH = YES;
				CODE_SIGN_IDENTITY = "iPhone Developer";
				COPY_PHASE_STRIP = NO;
				DEBUG_INFORMATION_FORMAT = dwarf;
				ENABLE_STRICT_OBJC_MSGSEND = YES;
				ENABLE_TESTABILITY = YES;
				GCC_C_LANGUAGE_STANDARD = gnu11;
				GCC_DYNAMIC_NO_PIC = NO;
				GCC_NO_COMMON_BLOCKS = YES;
				GCC_OPTIMIZATION_LEVEL = 0;
				GCC_PREPROCESSOR_DEFINITIONS = (
					"DEBUG=1",
					"$(inherited)",
				);
				GCC_WARN_64_TO_32_BIT_CONVERSION = YES;
				GCC_WARN_ABOUT_RETURN_TYPE = YES_ERROR;
				GCC_WARN_UNDECLARED_SELECTOR = YES;
				GCC_WARN_UNINITIALIZED_AUTOS = YES_AGGRESSIVE;
				GCC_WARN_UNUSED_FUNCTION = YES;
				GCC_WARN_UNUSED_VARIABLE = YES;
				IPHONEOS_DEPLOYMENT_TARGET = 12.1;
				MTL_ENABLE_DEBUG_INFO = INCLUDE_SOURCE;
				MTL_FAST_MATH = YES;
				ONLY_ACTIVE_ARCH = YES;
				SDKROOT = iphoneos;
				SWIFT_ACTIVE_COMPILATION_CONDITIONS = DEBUG;
				SWIFT_OPTIMIZATION_LEVEL = "-Onone";
			};
			name = Debug;
		};
		10E115202236C51B005F2232 /* Release */ = {
			isa = XCBuildConfiguration;
			buildSettings = {
				ALWAYS_SEARCH_USER_PATHS = NO;
				CLANG_ANALYZER_NONNULL = YES;
				CLANG_ANALYZER_NUMBER_OBJECT_CONVERSION = YES_AGGRESSIVE;
				CLANG_CXX_LANGUAGE_STANDARD = "gnu++14";
				CLANG_CXX_LIBRARY = "libc++";
				CLANG_ENABLE_MODULES = YES;
				CLANG_ENABLE_OBJC_ARC = YES;
				CLANG_ENABLE_OBJC_WEAK = YES;
				CLANG_WARN_BLOCK_CAPTURE_AUTORELEASING = YES;
				CLANG_WARN_BOOL_CONVERSION = YES;
				CLANG_WARN_COMMA = YES;
				CLANG_WARN_CONSTANT_CONVERSION = YES;
				CLANG_WARN_DEPRECATED_OBJC_IMPLEMENTATIONS = YES;
				CLANG_WARN_DIRECT_OBJC_ISA_USAGE = YES_ERROR;
				CLANG_WARN_DOCUMENTATION_COMMENTS = YES;
				CLANG_WARN_EMPTY_BODY = YES;
				CLANG_WARN_ENUM_CONVERSION = YES;
				CLANG_WARN_INFINITE_RECURSION = YES;
				CLANG_WARN_INT_CONVERSION = YES;
				CLANG_WARN_NON_LITERAL_NULL_CONVERSION = YES;
				CLANG_WARN_OBJC_IMPLICIT_RETAIN_SELF = YES;
				CLANG_WARN_OBJC_LITERAL_CONVERSION = YES;
				CLANG_WARN_OBJC_ROOT_CLASS = YES_ERROR;
				CLANG_WARN_RANGE_LOOP_ANALYSIS = YES;
				CLANG_WARN_STRICT_PROTOTYPES = YES;
				CLANG_WARN_SUSPICIOUS_MOVE = YES;
				CLANG_WARN_UNGUARDED_AVAILABILITY = YES_AGGRESSIVE;
				CLANG_WARN_UNREACHABLE_CODE = YES;
				CLANG_WARN__DUPLICATE_METHOD_MATCH = YES;
				CODE_SIGN_IDENTITY = "iPhone Developer";
				COPY_PHASE_STRIP = NO;
				DEBUG_INFORMATION_FORMAT = "dwarf-with-dsym";
				ENABLE_NS_ASSERTIONS = NO;
				ENABLE_STRICT_OBJC_MSGSEND = YES;
				GCC_C_LANGUAGE_STANDARD = gnu11;
				GCC_NO_COMMON_BLOCKS = YES;
				GCC_WARN_64_TO_32_BIT_CONVERSION = YES;
				GCC_WARN_ABOUT_RETURN_TYPE = YES_ERROR;
				GCC_WARN_UNDECLARED_SELECTOR = YES;
				GCC_WARN_UNINITIALIZED_AUTOS = YES_AGGRESSIVE;
				GCC_WARN_UNUSED_FUNCTION = YES;
				GCC_WARN_UNUSED_VARIABLE = YES;
				IPHONEOS_DEPLOYMENT_TARGET = 12.1;
				MTL_ENABLE_DEBUG_INFO = NO;
				MTL_FAST_MATH = YES;
				SDKROOT = iphoneos;
				SWIFT_COMPILATION_MODE = wholemodule;
				SWIFT_OPTIMIZATION_LEVEL = "-O";
				VALIDATE_PRODUCT = YES;
			};
			name = Release;
		};
		10E115222236C51B005F2232 /* Debug */ = {
			isa = XCBuildConfiguration;
			buildSettings = {
				ASSETCATALOG_COMPILER_APPICON_NAME = AppIcon;
				CODE_SIGN_STYLE = Automatic;
				DEVELOPMENT_TEAM = 394UL6G6J2;
				INFOPLIST_FILE = MusicApp/Info.plist;
				LD_RUNPATH_SEARCH_PATHS = (
					"$(inherited)",
					"@executable_path/Frameworks",
				);
				PRODUCT_BUNDLE_IDENTIFIER = com.abdullah.MusicApp.MusicApp;
				PRODUCT_NAME = "$(TARGET_NAME)";
				SWIFT_VERSION = 4.2;
				TARGETED_DEVICE_FAMILY = "1,2";
			};
			name = Debug;
		};
		10E115232236C51B005F2232 /* Release */ = {
			isa = XCBuildConfiguration;
			buildSettings = {
				ASSETCATALOG_COMPILER_APPICON_NAME = AppIcon;
				CODE_SIGN_STYLE = Automatic;
				DEVELOPMENT_TEAM = 394UL6G6J2;
				INFOPLIST_FILE = MusicApp/Info.plist;
				LD_RUNPATH_SEARCH_PATHS = (
					"$(inherited)",
					"@executable_path/Frameworks",
				);
				PRODUCT_BUNDLE_IDENTIFIER = com.abdullah.MusicApp.MusicApp;
				PRODUCT_NAME = "$(TARGET_NAME)";
				SWIFT_VERSION = 4.2;
				TARGETED_DEVICE_FAMILY = "1,2";
			};
			name = Release;
		};
/* End XCBuildConfiguration section */

/* Begin XCConfigurationList section */
		10E1150A2236C519005F2232 /* Build configuration list for PBXProject "MusicApp" */ = {
			isa = XCConfigurationList;
			buildConfigurations = (
				10E1151F2236C51B005F2232 /* Debug */,
				10E115202236C51B005F2232 /* Release */,
			);
			defaultConfigurationIsVisible = 0;
			defaultConfigurationName = Release;
		};
		10E115212236C51B005F2232 /* Build configuration list for PBXNativeTarget "MusicApp" */ = {
			isa = XCConfigurationList;
			buildConfigurations = (
				10E115222236C51B005F2232 /* Debug */,
				10E115232236C51B005F2232 /* Release */,
			);
			defaultConfigurationIsVisible = 0;
			defaultConfigurationName = Release;
		};
/* End XCConfigurationList section */
	};
	rootObject = 10E115072236C519005F2232 /* Project object */;
}
